// !$*UTF8*$!
{
	archiveVersion = 1;
	classes = {
	};
	objectVersion = 46;
	objects = {

/* Begin PBXBuildFile section */
		00C9C2361EF2E76D008B3AE7 /* AppDelegate.swift in Sources */ = {isa = PBXBuildFile; fileRef = 00C9C2351EF2E76D008B3AE7 /* AppDelegate.swift */; };
		00C9C2381EF2E76D008B3AE7 /* ViewController.swift in Sources */ = {isa = PBXBuildFile; fileRef = 00C9C2371EF2E76D008B3AE7 /* ViewController.swift */; };
		00C9C23B1EF2E76D008B3AE7 /* Main.storyboard in Resources */ = {isa = PBXBuildFile; fileRef = 00C9C2391EF2E76D008B3AE7 /* Main.storyboard */; };
		00C9C23D1EF2E76D008B3AE7 /* Assets.xcassets in Resources */ = {isa = PBXBuildFile; fileRef = 00C9C23C1EF2E76D008B3AE7 /* Assets.xcassets */; };
		00C9C2401EF2E76D008B3AE7 /* LaunchScreen.storyboard in Resources */ = {isa = PBXBuildFile; fileRef = 00C9C23E1EF2E76D008B3AE7 /* LaunchScreen.storyboard */; };
		00C9C24B1EF2E76D008B3AE7 /* WorldTrotterTests.swift in Sources */ = {isa = PBXBuildFile; fileRef = 00C9C24A1EF2E76D008B3AE7 /* WorldTrotterTests.swift */; };
		00C9C2561EF2E76D008B3AE7 /* WorldTrotterUITests.swift in Sources */ = {isa = PBXBuildFile; fileRef = 00C9C2551EF2E76D008B3AE7 /* WorldTrotterUITests.swift */; };
/* End PBXBuildFile section */

/* Begin PBXContainerItemProxy section */
		00C9C2471EF2E76D008B3AE7 /* PBXContainerItemProxy */ = {
			isa = PBXContainerItemProxy;
			containerPortal = 00C9C22A1EF2E76D008B3AE7 /* Project object */;
			proxyType = 1;
			remoteGlobalIDString = 00C9C2311EF2E76D008B3AE7;
			remoteInfo = WorldTrotter;
		};
		00C9C2521EF2E76D008B3AE7 /* PBXContainerItemProxy */ = {
			isa = PBXContainerItemProxy;
			containerPortal = 00C9C22A1EF2E76D008B3AE7 /* Project object */;
			proxyType = 1;
			remoteGlobalIDString = 00C9C2311EF2E76D008B3AE7;
			remoteInfo = WorldTrotter;
		};
/* End PBXContainerItemProxy section */

/* Begin PBXFileReference section */
		00C9C2321EF2E76D008B3AE7 /* WorldTrotter.app */ = {isa = PBXFileReference; explicitFileType = wrapper.application; includeInIndex = 0; path = WorldTrotter.app; sourceTree = BUILT_PRODUCTS_DIR; };
		00C9C2351EF2E76D008B3AE7 /* AppDelegate.swift */ = {isa = PBXFileReference; lastKnownFileType = sourcecode.swift; path = AppDelegate.swift; sourceTree = "<group>"; };
		00C9C2371EF2E76D008B3AE7 /* ViewController.swift */ = {isa = PBXFileReference; lastKnownFileType = sourcecode.swift; path = ViewController.swift; sourceTree = "<group>"; };
		00C9C23A1EF2E76D008B3AE7 /* Base */ = {isa = PBXFileReference; lastKnownFileType = file.storyboard; name = Base; path = Base.lproj/Main.storyboard; sourceTree = "<group>"; };
		00C9C23C1EF2E76D008B3AE7 /* Assets.xcassets */ = {isa = PBXFileReference; lastKnownFileType = folder.assetcatalog; path = Assets.xcassets; sourceTree = "<group>"; };
		00C9C23F1EF2E76D008B3AE7 /* Base */ = {isa = PBXFileReference; lastKnownFileType = file.storyboard; name = Base; path = Base.lproj/LaunchScreen.storyboard; sourceTree = "<group>"; };
		00C9C2411EF2E76D008B3AE7 /* Info.plist */ = {isa = PBXFileReference; lastKnownFileType = text.plist.xml; path = Info.plist; sourceTree = "<group>"; };
		00C9C2461EF2E76D008B3AE7 /* WorldTrotterTests.xctest */ = {isa = PBXFileReference; explicitFileType = wrapper.cfbundle; includeInIndex = 0; path = WorldTrotterTests.xctest; sourceTree = BUILT_PRODUCTS_DIR; };
		00C9C24A1EF2E76D008B3AE7 /* WorldTrotterTests.swift */ = {isa = PBXFileReference; lastKnownFileType = sourcecode.swift; path = WorldTrotterTests.swift; sourceTree = "<group>"; };
		00C9C24C1EF2E76D008B3AE7 /* Info.plist */ = {isa = PBXFileReference; lastKnownFileType = text.plist.xml; path = Info.plist; sourceTree = "<group>"; };
		00C9C2511EF2E76D008B3AE7 /* WorldTrotterUITests.xctest */ = {isa = PBXFileReference; explicitFileType = wrapper.cfbundle; includeInIndex = 0; path = WorldTrotterUITests.xctest; sourceTree = BUILT_PRODUCTS_DIR; };
		00C9C2551EF2E76D008B3AE7 /* WorldTrotterUITests.swift */ = {isa = PBXFileReference; lastKnownFileType = sourcecode.swift; path = WorldTrotterUITests.swift; sourceTree = "<group>"; };
		00C9C2571EF2E76D008B3AE7 /* Info.plist */ = {isa = PBXFileReference; lastKnownFileType = text.plist.xml; path = Info.plist; sourceTree = "<group>"; };
/* End PBXFileReference section */

/* Begin PBXFrameworksBuildPhase section */
		00C9C22F1EF2E76D008B3AE7 /* Frameworks */ = {
			isa = PBXFrameworksBuildPhase;
			buildActionMask = 2147483647;
			files = (
			);
			runOnlyForDeploymentPostprocessing = 0;
		};
		00C9C2431EF2E76D008B3AE7 /* Frameworks */ = {
			isa = PBXFrameworksBuildPhase;
			buildActionMask = 2147483647;
			files = (
			);
			runOnlyForDeploymentPostprocessing = 0;
		};
		00C9C24E1EF2E76D008B3AE7 /* Frameworks */ = {
			isa = PBXFrameworksBuildPhase;
			buildActionMask = 2147483647;
			files = (
			);
			runOnlyForDeploymentPostprocessing = 0;
		};
/* End PBXFrameworksBuildPhase section */

/* Begin PBXGroup section */
		00C9C2291EF2E76D008B3AE7 = {
			isa = PBXGroup;
			children = (
				00C9C2341EF2E76D008B3AE7 /* WorldTrotter */,
				00C9C2491EF2E76D008B3AE7 /* WorldTrotterTests */,
				00C9C2541EF2E76D008B3AE7 /* WorldTrotterUITests */,
				00C9C2331EF2E76D008B3AE7 /* Products */,
			);
			sourceTree = "<group>";
		};
		00C9C2331EF2E76D008B3AE7 /* Products */ = {
			isa = PBXGroup;
			children = (
				00C9C2321EF2E76D008B3AE7 /* WorldTrotter.app */,
				00C9C2461EF2E76D008B3AE7 /* WorldTrotterTests.xctest */,
				00C9C2511EF2E76D008B3AE7 /* WorldTrotterUITests.xctest */,
			);
			name = Products;
			sourceTree = "<group>";
		};
		00C9C2341EF2E76D008B3AE7 /* WorldTrotter */ = {
			isa = PBXGroup;
			children = (
				00C9C2351EF2E76D008B3AE7 /* AppDelegate.swift */,
				00C9C2371EF2E76D008B3AE7 /* ViewController.swift */,
				00C9C2391EF2E76D008B3AE7 /* Main.storyboard */,
				00C9C23C1EF2E76D008B3AE7 /* Assets.xcassets */,
				00C9C23E1EF2E76D008B3AE7 /* LaunchScreen.storyboard */,
				00C9C2411EF2E76D008B3AE7 /* Info.plist */,
			);
			path = WorldTrotter;
			sourceTree = "<group>";
		};
		00C9C2491EF2E76D008B3AE7 /* WorldTrotterTests */ = {
			isa = PBXGroup;
			children = (
				00C9C24A1EF2E76D008B3AE7 /* WorldTrotterTests.swift */,
				00C9C24C1EF2E76D008B3AE7 /* Info.plist */,
			);
			path = WorldTrotterTests;
			sourceTree = "<group>";
		};
		00C9C2541EF2E76D008B3AE7 /* WorldTrotterUITests */ = {
			isa = PBXGroup;
			children = (
				00C9C2551EF2E76D008B3AE7 /* WorldTrotterUITests.swift */,
				00C9C2571EF2E76D008B3AE7 /* Info.plist */,
			);
			path = WorldTrotterUITests;
			sourceTree = "<group>";
		};
/* End PBXGroup section */

/* Begin PBXNativeTarget section */
		00C9C2311EF2E76D008B3AE7 /* WorldTrotter */ = {
			isa = PBXNativeTarget;
			buildConfigurationList = 00C9C25A1EF2E76D008B3AE7 /* Build configuration list for PBXNativeTarget "WorldTrotter" */;
			buildPhases = (
				00C9C22E1EF2E76D008B3AE7 /* Sources */,
				00C9C22F1EF2E76D008B3AE7 /* Frameworks */,
				00C9C2301EF2E76D008B3AE7 /* Resources */,
			);
			buildRules = (
			);
			dependencies = (
			);
			name = WorldTrotter;
			productName = WorldTrotter;
			productReference = 00C9C2321EF2E76D008B3AE7 /* WorldTrotter.app */;
			productType = "com.apple.product-type.application";
		};
		00C9C2451EF2E76D008B3AE7 /* WorldTrotterTests */ = {
			isa = PBXNativeTarget;
			buildConfigurationList = 00C9C25D1EF2E76D008B3AE7 /* Build configuration list for PBXNativeTarget "WorldTrotterTests" */;
			buildPhases = (
				00C9C2421EF2E76D008B3AE7 /* Sources */,
				00C9C2431EF2E76D008B3AE7 /* Frameworks */,
				00C9C2441EF2E76D008B3AE7 /* Resources */,
			);
			buildRules = (
			);
			dependencies = (
				00C9C2481EF2E76D008B3AE7 /* PBXTargetDependency */,
			);
			name = WorldTrotterTests;
			productName = WorldTrotterTests;
			productReference = 00C9C2461EF2E76D008B3AE7 /* WorldTrotterTests.xctest */;
			productType = "com.apple.product-type.bundle.unit-test";
		};
		00C9C2501EF2E76D008B3AE7 /* WorldTrotterUITests */ = {
			isa = PBXNativeTarget;
			buildConfigurationList = 00C9C2601EF2E76D008B3AE7 /* Build configuration list for PBXNativeTarget "WorldTrotterUITests" */;
			buildPhases = (
				00C9C24D1EF2E76D008B3AE7 /* Sources */,
				00C9C24E1EF2E76D008B3AE7 /* Frameworks */,
				00C9C24F1EF2E76D008B3AE7 /* Resources */,
			);
			buildRules = (
			);
			dependencies = (
				00C9C2531EF2E76D008B3AE7 /* PBXTargetDependency */,
			);
			name = WorldTrotterUITests;
			productName = WorldTrotterUITests;
			productReference = 00C9C2511EF2E76D008B3AE7 /* WorldTrotterUITests.xctest */;
			productType = "com.apple.product-type.bundle.ui-testing";
		};
/* End PBXNativeTarget section */

/* Begin PBXProject section */
		00C9C22A1EF2E76D008B3AE7 /* Project object */ = {
			isa = PBXProject;
			attributes = {
				LastSwiftUpdateCheck = 0830;
				LastUpgradeCheck = 0830;
				ORGANIZATIONNAME = "Ryan Kurdewan";
				TargetAttributes = {
					00C9C2311EF2E76D008B3AE7 = {
						CreatedOnToolsVersion = 8.3.3;
						ProvisioningStyle = Automatic;
					};
					00C9C2451EF2E76D008B3AE7 = {
						CreatedOnToolsVersion = 8.3.3;
						ProvisioningStyle = Automatic;
						TestTargetID = 00C9C2311EF2E76D008B3AE7;
					};
					00C9C2501EF2E76D008B3AE7 = {
						CreatedOnToolsVersion = 8.3.3;
						ProvisioningStyle = Automatic;
						TestTargetID = 00C9C2311EF2E76D008B3AE7;
					};
				};
			};
			buildConfigurationList = 00C9C22D1EF2E76D008B3AE7 /* Build configuration list for PBXProject "WorldTrotter" */;
			compatibilityVersion = "Xcode 3.2";
			developmentRegion = English;
			hasScannedForEncodings = 0;
			knownRegions = (
				en,
				Base,
			);
			mainGroup = 00C9C2291EF2E76D008B3AE7;
			productRefGroup = 00C9C2331EF2E76D008B3AE7 /* Products */;
			projectDirPath = "";
			projectRoot = "";
			targets = (
				00C9C2311EF2E76D008B3AE7 /* WorldTrotter */,
				00C9C2451EF2E76D008B3AE7 /* WorldTrotterTests */,
				00C9C2501EF2E76D008B3AE7 /* WorldTrotterUITests */,
			);
		};
/* End PBXProject section */

/* Begin PBXResourcesBuildPhase section */
		00C9C2301EF2E76D008B3AE7 /* Resources */ = {
			isa = PBXResourcesBuildPhase;
			buildActionMask = 2147483647;
			files = (
				00C9C2401EF2E76D008B3AE7 /* LaunchScreen.storyboard in Resources */,
				00C9C23D1EF2E76D008B3AE7 /* Assets.xcassets in Resources */,
				00C9C23B1EF2E76D008B3AE7 /* Main.storyboard in Resources */,
			);
			runOnlyForDeploymentPostprocessing = 0;
		};
		00C9C2441EF2E76D008B3AE7 /* Resources */ = {
			isa = PBXResourcesBuildPhase;
			buildActionMask = 2147483647;
			files = (
			);
			runOnlyForDeploymentPostprocessing = 0;
		};
		00C9C24F1EF2E76D008B3AE7 /* Resources */ = {
			isa = PBXResourcesBuildPhase;
			buildActionMask = 2147483647;
			files = (
			);
			runOnlyForDeploymentPostprocessing = 0;
		};
/* End PBXResourcesBuildPhase section */

/* Begin PBXSourcesBuildPhase section */
		00C9C22E1EF2E76D008B3AE7 /* Sources */ = {
			isa = PBXSourcesBuildPhase;
			buildActionMask = 2147483647;
			files = (
				00C9C2381EF2E76D008B3AE7 /* ViewController.swift in Sources */,
				00C9C2361EF2E76D008B3AE7 /* AppDelegate.swift in Sources */,
			);
			runOnlyForDeploymentPostprocessing = 0;
		};
		00C9C2421EF2E76D008B3AE7 /* Sources */ = {
			isa = PBXSourcesBuildPhase;
			buildActionMask = 2147483647;
			files = (
				00C9C24B1EF2E76D008B3AE7 /* WorldTrotterTests.swift in Sources */,
			);
			runOnlyForDeploymentPostprocessing = 0;
		};
		00C9C24D1EF2E76D008B3AE7 /* Sources */ = {
			isa = PBXSourcesBuildPhase;
			buildActionMask = 2147483647;
			files = (
				00C9C2561EF2E76D008B3AE7 /* WorldTrotterUITests.swift in Sources */,
			);
			runOnlyForDeploymentPostprocessing = 0;
		};
/* End PBXSourcesBuildPhase section */

/* Begin PBXTargetDependency section */
		00C9C2481EF2E76D008B3AE7 /* PBXTargetDependency */ = {
			isa = PBXTargetDependency;
			target = 00C9C2311EF2E76D008B3AE7 /* WorldTrotter */;
			targetProxy = 00C9C2471EF2E76D008B3AE7 /* PBXContainerItemProxy */;
		};
		00C9C2531EF2E76D008B3AE7 /* PBXTargetDependency */ = {
			isa = PBXTargetDependency;
			target = 00C9C2311EF2E76D008B3AE7 /* WorldTrotter */;
			targetProxy = 00C9C2521EF2E76D008B3AE7 /* PBXContainerItemProxy */;
		};
/* End PBXTargetDependency section */

/* Begin PBXVariantGroup section */
		00C9C2391EF2E76D008B3AE7 /* Main.storyboard */ = {
			isa = PBXVariantGroup;
			children = (
				00C9C23A1EF2E76D008B3AE7 /* Base */,
			);
			name = Main.storyboard;
			sourceTree = "<group>";
		};
		00C9C23E1EF2E76D008B3AE7 /* LaunchScreen.storyboard */ = {
			isa = PBXVariantGroup;
			children = (
				00C9C23F1EF2E76D008B3AE7 /* Base */,
			);
			name = LaunchScreen.storyboard;
			sourceTree = "<group>";
		};
/* End PBXVariantGroup section */

/* Begin XCBuildConfiguration section */
		00C9C2581EF2E76D008B3AE7 /* Debug */ = {
			isa = XCBuildConfiguration;
			buildSettings = {
				ALWAYS_SEARCH_USER_PATHS = NO;
				CLANG_ANALYZER_NONNULL = YES;
				CLANG_ANALYZER_NUMBER_OBJECT_CONVERSION = YES_AGGRESSIVE;
				CLANG_CXX_LANGUAGE_STANDARD = "gnu++0x";
				CLANG_CXX_LIBRARY = "libc++";
				CLANG_ENABLE_MODULES = YES;
				CLANG_ENABLE_OBJC_ARC = YES;
				CLANG_WARN_BOOL_CONVERSION = YES;
				CLANG_WARN_CONSTANT_CONVERSION = YES;
				CLANG_WARN_DIRECT_OBJC_ISA_USAGE = YES_ERROR;
				CLANG_WARN_DOCUMENTATION_COMMENTS = YES;
				CLANG_WARN_EMPTY_BODY = YES;
				CLANG_WARN_ENUM_CONVERSION = YES;
				CLANG_WARN_INFINITE_RECURSION = YES;
				CLANG_WARN_INT_CONVERSION = YES;
				CLANG_WARN_OBJC_ROOT_CLASS = YES_ERROR;
				CLANG_WARN_SUSPICIOUS_MOVE = YES;
				CLANG_WARN_UNREACHABLE_CODE = YES;
				CLANG_WARN__DUPLICATE_METHOD_MATCH = YES;
				"CODE_SIGN_IDENTITY[sdk=iphoneos*]" = "iPhone Developer";
				COPY_PHASE_STRIP = NO;
				DEBUG_INFORMATION_FORMAT = dwarf;
				ENABLE_STRICT_OBJC_MSGSEND = YES;
				ENABLE_TESTABILITY = YES;
				GCC_C_LANGUAGE_STANDARD = gnu99;
				GCC_DYNAMIC_NO_PIC = NO;
				GCC_NO_COMMON_BLOCKS = YES;
				GCC_OPTIMIZATION_LEVEL = 0;
				GCC_PREPROCESSOR_DEFINITIONS = (
					"DEBUG=1",
					"$(inherited)",
				);
				GCC_WARN_64_TO_32_BIT_CONVERSION = YES;
				GCC_WARN_ABOUT_RETURN_TYPE = YES_ERROR;
				GCC_WARN_UNDECLARED_SELECTOR = YES;
				GCC_WARN_UNINITIALIZED_AUTOS = YES_AGGRESSIVE;
				GCC_WARN_UNUSED_FUNCTION = YES;
				GCC_WARN_UNUSED_VARIABLE = YES;
				IPHONEOS_DEPLOYMENT_TARGET = 10.3;
				MTL_ENABLE_DEBUG_INFO = YES;
				ONLY_ACTIVE_ARCH = YES;
				SDKROOT = iphoneos;
				SWIFT_ACTIVE_COMPILATION_CONDITIONS = DEBUG;
				SWIFT_OPTIMIZATION_LEVEL = "-Onone";
				TARGETED_DEVICE_FAMILY = "1,2";
			};
			name = Debug;
		};
		00C9C2591EF2E76D008B3AE7 /* Release */ = {
			isa = XCBuildConfiguration;
			buildSettings = {
				ALWAYS_SEARCH_USER_PATHS = NO;
				CLANG_ANALYZER_NONNULL = YES;
				CLANG_ANALYZER_NUMBER_OBJECT_CONVERSION = YES_AGGRESSIVE;
				CLANG_CXX_LANGUAGE_STANDARD = "gnu++0x";
				CLANG_CXX_LIBRARY = "libc++";
				CLANG_ENABLE_MODULES = YES;
				CLANG_ENABLE_OBJC_ARC = YES;
				CLANG_WARN_BOOL_CONVERSION = YES;
				CLANG_WARN_CONSTANT_CONVERSION = YES;
				CLANG_WARN_DIRECT_OBJC_ISA_USAGE = YES_ERROR;
				CLANG_WARN_DOCUMENTATION_COMMENTS = YES;
				CLANG_WARN_EMPTY_BODY = YES;
				CLANG_WARN_ENUM_CONVERSION = YES;
				CLANG_WARN_INFINITE_RECURSION = YES;
				CLANG_WARN_INT_CONVERSION = YES;
				CLANG_WARN_OBJC_ROOT_CLASS = YES_ERROR;
				CLANG_WARN_SUSPICIOUS_MOVE = YES;
				CLANG_WARN_UNREACHABLE_CODE = YES;
				CLANG_WARN__DUPLICATE_METHOD_MATCH = YES;
				"CODE_SIGN_IDENTITY[sdk=iphoneos*]" = "iPhone Developer";
				COPY_PHASE_STRIP = NO;
				DEBUG_INFORMATION_FORMAT = "dwarf-with-dsym";
				ENABLE_NS_ASSERTIONS = NO;
				ENABLE_STRICT_OBJC_MSGSEND = YES;
				GCC_C_LANGUAGE_STANDARD = gnu99;
				GCC_NO_COMMON_BLOCKS = YES;
				GCC_WARN_64_TO_32_BIT_CONVERSION = YES;
				GCC_WARN_ABOUT_RETURN_TYPE = YES_ERROR;
				GCC_WARN_UNDECLARED_SELECTOR = YES;
				GCC_WARN_UNINITIALIZED_AUTOS = YES_AGGRESSIVE;
				GCC_WARN_UNUSED_FUNCTION = YES;
				GCC_WARN_UNUSED_VARIABLE = YES;
				IPHONEOS_DEPLOYMENT_TARGET = 10.3;
				MTL_ENABLE_DEBUG_INFO = NO;
				SDKROOT = iphoneos;
				SWIFT_OPTIMIZATION_LEVEL = "-Owholemodule";
				TARGETED_DEVICE_FAMILY = "1,2";
				VALIDATE_PRODUCT = YES;
			};
			name = Release;
		};
		00C9C25B1EF2E76D008B3AE7 /* Debug */ = {
			isa = XCBuildConfiguration;
			buildSettings = {
				ASSETCATALOG_COMPILER_APPICON_NAME = AppIcon;
				INFOPLIST_FILE = WorldTrotter/Info.plist;
				LD_RUNPATH_SEARCH_PATHS = "$(inherited) @executable_path/Frameworks";
				PRODUCT_BUNDLE_IDENTIFIER = Kurdewan.WorldTrotter;
				PRODUCT_NAME = "$(TARGET_NAME)";
				SWIFT_VERSION = 3.0;
			};
			name = Debug;
		};
		00C9C25C1EF2E76D008B3AE7 /* Release */ = {
			isa = XCBuildConfiguration;
			buildSettings = {
				ASSETCATALOG_COMPILER_APPICON_NAME = AppIcon;
				INFOPLIST_FILE = WorldTrotter/Info.plist;
				LD_RUNPATH_SEARCH_PATHS = "$(inherited) @executable_path/Frameworks";
				PRODUCT_BUNDLE_IDENTIFIER = Kurdewan.WorldTrotter;
				PRODUCT_NAME = "$(TARGET_NAME)";
				SWIFT_VERSION = 3.0;
			};
			name = Release;
		};
		00C9C25E1EF2E76D008B3AE7 /* Debug */ = {
			isa = XCBuildConfiguration;
			buildSettings = {
				ALWAYS_EMBED_SWIFT_STANDARD_LIBRARIES = YES;
				BUNDLE_LOADER = "$(TEST_HOST)";
				INFOPLIST_FILE = WorldTrotterTests/Info.plist;
				LD_RUNPATH_SEARCH_PATHS = "$(inherited) @executable_path/Frameworks @loader_path/Frameworks";
				PRODUCT_BUNDLE_IDENTIFIER = Kurdewan.WorldTrotterTests;
				PRODUCT_NAME = "$(TARGET_NAME)";
				SWIFT_VERSION = 3.0;
				TEST_HOST = "$(BUILT_PRODUCTS_DIR)/WorldTrotter.app/WorldTrotter";
			};
			name = Debug;
		};
		00C9C25F1EF2E76D008B3AE7 /* Release */ = {
			isa = XCBuildConfiguration;
			buildSettings = {
				ALWAYS_EMBED_SWIFT_STANDARD_LIBRARIES = YES;
				BUNDLE_LOADER = "$(TEST_HOST)";
				INFOPLIST_FILE = WorldTrotterTests/Info.plist;
				LD_RUNPATH_SEARCH_PATHS = "$(inherited) @executable_path/Frameworks @loader_path/Frameworks";
				PRODUCT_BUNDLE_IDENTIFIER = Kurdewan.WorldTrotterTests;
				PRODUCT_NAME = "$(TARGET_NAME)";
				SWIFT_VERSION = 3.0;
				TEST_HOST = "$(BUILT_PRODUCTS_DIR)/WorldTrotter.app/WorldTrotter";
			};
			name = Release;
		};
		00C9C2611EF2E76D008B3AE7 /* Debug */ = {
			isa = XCBuildConfiguration;
			buildSettings = {
				ALWAYS_EMBED_SWIFT_STANDARD_LIBRARIES = YES;
				INFOPLIST_FILE = WorldTrotterUITests/Info.plist;
				LD_RUNPATH_SEARCH_PATHS = "$(inherited) @executable_path/Frameworks @loader_path/Frameworks";
				PRODUCT_BUNDLE_IDENTIFIER = Kurdewan.WorldTrotterUITests;
				PRODUCT_NAME = "$(TARGET_NAME)";
				SWIFT_VERSION = 3.0;
				TEST_TARGET_NAME = WorldTrotter;
			};
			name = Debug;
		};
		00C9C2621EF2E76D008B3AE7 /* Release */ = {
			isa = XCBuildConfiguration;
			buildSettings = {
				ALWAYS_EMBED_SWIFT_STANDARD_LIBRARIES = YES;
				INFOPLIST_FILE = WorldTrotterUITests/Info.plist;
				LD_RUNPATH_SEARCH_PATHS = "$(inherited) @executable_path/Frameworks @loader_path/Frameworks";
				PRODUCT_BUNDLE_IDENTIFIER = Kurdewan.WorldTrotterUITests;
				PRODUCT_NAME = "$(TARGET_NAME)";
				SWIFT_VERSION = 3.0;
				TEST_TARGET_NAME = WorldTrotter;
			};
			name = Release;
		};
/* End XCBuildConfiguration section */

/* Begin XCConfigurationList section */
		00C9C22D1EF2E76D008B3AE7 /* Build configuration list for PBXProject "WorldTrotter" */ = {
			isa = XCConfigurationList;
			buildConfigurations = (
				00C9C2581EF2E76D008B3AE7 /* Debug */,
				00C9C2591EF2E76D008B3AE7 /* Release */,
			);
			defaultConfigurationIsVisible = 0;
			defaultConfigurationName = Release;
		};
		00C9C25A1EF2E76D008B3AE7 /* Build configuration list for PBXNativeTarget "WorldTrotter" */ = {
			isa = XCConfigurationList;
			buildConfigurations = (
				00C9C25B1EF2E76D008B3AE7 /* Debug */,
				00C9C25C1EF2E76D008B3AE7 /* Release */,
			);
			defaultConfigurationIsVisible = 0;
		};
		00C9C25D1EF2E76D008B3AE7 /* Build configuration list for PBXNativeTarget "WorldTrotterTests" */ = {
			isa = XCConfigurationList;
			buildConfigurations = (
				00C9C25E1EF2E76D008B3AE7 /* Debug */,
				00C9C25F1EF2E76D008B3AE7 /* Release */,
			);
			defaultConfigurationIsVisible = 0;
		};
		00C9C2601EF2E76D008B3AE7 /* Build configuration list for PBXNativeTarget "WorldTrotterUITests" */ = {
			isa = XCConfigurationList;
			buildConfigurations = (
				00C9C2611EF2E76D008B3AE7 /* Debug */,
				00C9C2621EF2E76D008B3AE7 /* Release */,
			);
			defaultConfigurationIsVisible = 0;
		};
/* End XCConfigurationList section */
	};
	rootObject = 00C9C22A1EF2E76D008B3AE7 /* Project object */;
}
